
Microsoft Visual Studio Solution File, Format Version 12.00
# Visual Studio Version 17
VisualStudioVersion = 17.1.32228.430
MinimumVisualStudioVersion = 10.0.40219.1
Project("{FAE04EC0-301F-11D3-BF4B-00C04F79EFBC}") = "Wasifu", "Wasifu\Wasifu.csproj", "{FF77B2A3-E8D2-4845-8373-62E4B50AD75F}"
EndProject
Global
	GlobalSection(SolutionConfigurationPlatforms) = preSolution
		Debug|Any CPU = Debug|Any CPU
		Release|Any CPU = Release|Any CPU
	EndGlobalSection
	GlobalSection(ProjectConfigurationPlatforms) = postSolution
		{FF77B2A3-E8D2-4845-8373-62E4B50AD75F}.Debug|Any CPU.ActiveCfg = Debug|Any CPU
		{FF77B2A3-E8D2-4845-8373-62E4B50AD75F}.Debug|Any CPU.Build.0 = Debug|Any CPU
		{FF77B2A3-E8D2-4845-8373-62E4B50AD75F}.Release|Any CPU.ActiveCfg = Release|Any CPU
		{FF77B2A3-E8D2-4845-8373-62E4B50AD75F}.Release|Any CPU.Build.0 = Release|Any CPU
	EndGlobalSection
	GlobalSection(SolutionProperties) = preSolution
		HideSolutionNode = FALSE
	EndGlobalSection
	GlobalSection(ExtensibilityGlobals) = postSolution
		SolutionGuid = {63459112-BEE8-4790-A89E-85E64F1EF876}
	EndGlobalSection
EndGlobal
